
Microsoft Visual Studio Solution File, Format Version 12.00
# Visual Studio Version 16
VisualStudioVersion = 16.0.29613.14
MinimumVisualStudioVersion = 10.0.40219.1
Project("{FAE04EC0-301F-11D3-BF4B-00C04F79EFBC}") = "Kurs2020_01.Movies2020", "Kurs2020_01.Movies2020\Kurs2020_01.Movies2020.csproj", "{6CA5D514-1BB5-435F-8FC7-7FEA0FA7F966}"
EndProject
Global
	GlobalSection(SolutionConfigurationPlatforms) = preSolution
		Debug|Any CPU = Debug|Any CPU
		Release|Any CPU = Release|Any CPU
	EndGlobalSection
	GlobalSection(ProjectConfigurationPlatforms) = postSolution
		{6CA5D514-1BB5-435F-8FC7-7FEA0FA7F966}.Debug|Any CPU.ActiveCfg = Debug|Any CPU
		{6CA5D514-1BB5-435F-8FC7-7FEA0FA7F966}.Debug|Any CPU.Build.0 = Debug|Any CPU
		{6CA5D514-1BB5-435F-8FC7-7FEA0FA7F966}.Release|Any CPU.ActiveCfg = Release|Any CPU
		{6CA5D514-1BB5-435F-8FC7-7FEA0FA7F966}.Release|Any CPU.Build.0 = Release|Any CPU
	EndGlobalSection
	GlobalSection(SolutionProperties) = preSolution
		HideSolutionNode = FALSE
	EndGlobalSection
	GlobalSection(ExtensibilityGlobals) = postSolution
		SolutionGuid = {4FD8A0E9-6BF6-44B2-A750-3F66C2CF1AD8}
	EndGlobalSection
EndGlobal
